// !$*UTF8*$!
{
	archiveVersion = 1;
	classes = {
	};
	objectVersion = 52;
	objects = {

/* Begin PBXBuildFile section */
		EC3ED514255E32AE00DD08C5 /* TabBaoViewModel.swift in Sources */ = {isa = PBXBuildFile; fileRef = EC3ED513255E32AE00DD08C5 /* TabBaoViewModel.swift */; };
		EC3F51D125591CF700448CA9 /* Kingfisher in Frameworks */ = {isa = PBXBuildFile; productRef = EC3F51D025591CF700448CA9 /* Kingfisher */; };
		EC424660255384B9008A5050 /* YMTCollectionReusableView.swift in Sources */ = {isa = PBXBuildFile; fileRef = EC42465F255384B9008A5050 /* YMTCollectionReusableView.swift */; };
		EC42466425539C4D008A5050 /* YMTBaseColletionCell.swift in Sources */ = {isa = PBXBuildFile; fileRef = EC42466325539C4D008A5050 /* YMTBaseColletionCell.swift */; };
		EC4246662553A491008A5050 /* YMTBaseTableView.swift in Sources */ = {isa = PBXBuildFile; fileRef = EC4246652553A491008A5050 /* YMTBaseTableView.swift */; };
		EC4447DF255B6ACB0033138F /* YMTTaoBaoModel.swift in Sources */ = {isa = PBXBuildFile; fileRef = EC4447DE255B6ACB0033138F /* YMTTaoBaoModel.swift */; };
		EC45F2842554F25600C91997 /* LXFModel.swift in Sources */ = {isa = PBXBuildFile; fileRef = EC45F2832554F25600C91997 /* LXFModel.swift */; };
		EC45F2862554FBA700C91997 /* LXFNetworkTool.swift in Sources */ = {isa = PBXBuildFile; fileRef = EC45F2852554FBA700C91997 /* LXFNetworkTool.swift */; };
		EC46C7B1254A50F700CF7DEC /* YMTTaoBaoViewModel.swift in Sources */ = {isa = PBXBuildFile; fileRef = EC46C7B0254A50F700CF7DEC /* YMTTaoBaoViewModel.swift */; };
		EC46C7B5254A6FEA00CF7DEC /* ESPullToRefresh in Frameworks */ = {isa = PBXBuildFile; productRef = EC46C7B4254A6FEA00CF7DEC /* ESPullToRefresh */; };
		EC46C7C4254A916F00CF7DEC /* YMTOrderTableViewCell.swift in Sources */ = {isa = PBXBuildFile; fileRef = EC46C7C2254A916E00CF7DEC /* YMTOrderTableViewCell.swift */; };
		EC46C7C5254A916F00CF7DEC /* YMTOrderTableViewCell.xib in Resources */ = {isa = PBXBuildFile; fileRef = EC46C7C3254A916F00CF7DEC /* YMTOrderTableViewCell.xib */; };
		EC4C2401254652FE00F31CAC /* AdvertisementView.swift in Sources */ = {isa = PBXBuildFile; fileRef = EC4C23FE254652FE00F31CAC /* AdvertisementView.swift */; };
		EC4C2402254652FE00F31CAC /* String+MD5.swift in Sources */ = {isa = PBXBuildFile; fileRef = EC4C23FF254652FE00F31CAC /* String+MD5.swift */; };
		EC4C2403254652FE00F31CAC /* GifImageOperation.swift in Sources */ = {isa = PBXBuildFile; fileRef = EC4C2400254652FE00F31CAC /* GifImageOperation.swift */; };
		EC4C24062546538600F31CAC /* YMTHomePageController.swift in Sources */ = {isa = PBXBuildFile; fileRef = EC4C24042546538600F31CAC /* YMTHomePageController.swift */; };
		EC4C240A25469C1900F31CAC /* YMTNavBarButton.swift in Sources */ = {isa = PBXBuildFile; fileRef = EC4C240925469C1900F31CAC /* YMTNavBarButton.swift */; };
		EC4C240F2546B14B00F31CAC /* LTAutoScrollView.swift in Sources */ = {isa = PBXBuildFile; fileRef = EC4C240E2546B14B00F31CAC /* LTAutoScrollView.swift */; };
		EC4C24172546B54900F31CAC /* pageControlCurrentDot@2x.png in Resources */ = {isa = PBXBuildFile; fileRef = EC4C24112546B54900F31CAC /* pageControlCurrentDot@2x.png */; };
		EC4C24182546B54900F31CAC /* pageControlCurrentDot@3x.png in Resources */ = {isa = PBXBuildFile; fileRef = EC4C24122546B54900F31CAC /* pageControlCurrentDot@3x.png */; };
		EC4C24192546B54900F31CAC /* pageControlDot@3x.png in Resources */ = {isa = PBXBuildFile; fileRef = EC4C24132546B54900F31CAC /* pageControlDot@3x.png */; };
		EC4C241A2546B54900F31CAC /* pageControlDot@2x.png in Resources */ = {isa = PBXBuildFile; fileRef = EC4C24142546B54900F31CAC /* pageControlDot@2x.png */; };
		EC4C241B2546B54900F31CAC /* image1.png in Resources */ = {isa = PBXBuildFile; fileRef = EC4C24152546B54900F31CAC /* image1.png */; };
		EC4C241C2546B54900F31CAC /* image2.png in Resources */ = {isa = PBXBuildFile; fileRef = EC4C24162546B54900F31CAC /* image2.png */; };
		EC4C241E2546BDB800F31CAC /* HomePageApi.swift in Sources */ = {isa = PBXBuildFile; fileRef = EC4C241D2546BDB700F31CAC /* HomePageApi.swift */; };
		EC4C24362546CE7500F31CAC /* SignalProducer+ObjectMapper.swift in Sources */ = {isa = PBXBuildFile; fileRef = EC4C24302546CE7500F31CAC /* SignalProducer+ObjectMapper.swift */; };
		EC4C24372546CE7500F31CAC /* ObservableType+ObjectMapper.swift in Sources */ = {isa = PBXBuildFile; fileRef = EC4C24322546CE7500F31CAC /* ObservableType+ObjectMapper.swift */; };
		EC4C24382546CE7500F31CAC /* Single+ObjectMapper.swift in Sources */ = {isa = PBXBuildFile; fileRef = EC4C24332546CE7500F31CAC /* Single+ObjectMapper.swift */; };
		EC4C24392546CE7500F31CAC /* Response+ObjectMapper.swift in Sources */ = {isa = PBXBuildFile; fileRef = EC4C24352546CE7500F31CAC /* Response+ObjectMapper.swift */; };
		EC565482254FDF1A00D72296 /* YMTProductDetalisController.swift in Sources */ = {isa = PBXBuildFile; fileRef = EC565481254FDF1A00D72296 /* YMTProductDetalisController.swift */; };
		EC565486254FEAC900D72296 /* YMTProductDetailsViewModel.swift in Sources */ = {isa = PBXBuildFile; fileRef = EC565485254FEAC900D72296 /* YMTProductDetailsViewModel.swift */; };
		EC69D75C254171790025917F /* ObjectMapper in Frameworks */ = {isa = PBXBuildFile; productRef = EC69D75B254171790025917F /* ObjectMapper */; };
		EC69D75F2541769C0025917F /* SnapKit in Frameworks */ = {isa = PBXBuildFile; productRef = EC69D75E2541769C0025917F /* SnapKit */; };
		EC69D762254181570025917F /* SkeletonView in Frameworks */ = {isa = PBXBuildFile; productRef = EC69D761254181570025917F /* SkeletonView */; };
		EC7738E3254279780034EC30 /* YMTBaseTabBarController.swift in Sources */ = {isa = PBXBuildFile; fileRef = EC7738E2254279780034EC30 /* YMTBaseTabBarController.swift */; };
		EC7738E5254279980034EC30 /* YMTBaseNavigationViewController.swift in Sources */ = {isa = PBXBuildFile; fileRef = EC7738E4254279980034EC30 /* YMTBaseNavigationViewController.swift */; };
		EC7738E7254279CC0034EC30 /* YMTBaseViewController.swift in Sources */ = {isa = PBXBuildFile; fileRef = EC7738E6254279CC0034EC30 /* YMTBaseViewController.swift */; };
		EC7738EB25427AB00034EC30 /* YMTHomePageTabBarController.swift in Sources */ = {isa = PBXBuildFile; fileRef = EC7738EA25427AB00034EC30 /* YMTHomePageTabBarController.swift */; };
		EC7738F025427BB80034EC30 /* YMTTaobaoList.swift in Sources */ = {isa = PBXBuildFile; fileRef = EC7738EF25427BB80034EC30 /* YMTTaobaoList.swift */; };
		EC7738F225427BCB0034EC30 /* YMTOrderViewController.swift in Sources */ = {isa = PBXBuildFile; fileRef = EC7738F125427BCB0034EC30 /* YMTOrderViewController.swift */; };
		EC7738F425427BE20034EC30 /* YMTFreightViewController.swift in Sources */ = {isa = PBXBuildFile; fileRef = EC7738F325427BE20034EC30 /* YMTFreightViewController.swift */; };
		EC7738F725427C4B0034EC30 /* YMTPersonalViewController.swift in Sources */ = {isa = PBXBuildFile; fileRef = EC7738F625427C4B0034EC30 /* YMTPersonalViewController.swift */; };
		EC7738F9254282220034EC30 /* YMTHomeNavigaitonController.swift in Sources */ = {isa = PBXBuildFile; fileRef = EC7738F8254282220034EC30 /* YMTHomeNavigaitonController.swift */; };
		EC7739072542BA9D0034EC30 /* YMTHomePageViewModel.swift in Sources */ = {isa = PBXBuildFile; fileRef = EC7739062542BA9D0034EC30 /* YMTHomePageViewModel.swift */; };
		EC7739092542BAB20034EC30 /* YMTHomePageModel.swift in Sources */ = {isa = PBXBuildFile; fileRef = EC7739082542BAB20034EC30 /* YMTHomePageModel.swift */; };
		EC77390B2542BAFF0034EC30 /* YMTTableViewCell.swift in Sources */ = {isa = PBXBuildFile; fileRef = EC77390A2542BAFF0034EC30 /* YMTTableViewCell.swift */; };
		EC77391D2542C0E90034EC30 /* YMTGlobalLet.swift in Sources */ = {isa = PBXBuildFile; fileRef = EC77391C2542C0E90034EC30 /* YMTGlobalLet.swift */; };
		EC77391F2542C7D20034EC30 /* YMTCollectionCell.swift in Sources */ = {isa = PBXBuildFile; fileRef = EC77391E2542C7D20034EC30 /* YMTCollectionCell.swift */; };
		EC9EC72B253E73990042A5CF /* AppDelegate.swift in Sources */ = {isa = PBXBuildFile; fileRef = EC9EC72A253E73990042A5CF /* AppDelegate.swift */; };
		EC9EC734253E739A0042A5CF /* Assets.xcassets in Resources */ = {isa = PBXBuildFile; fileRef = EC9EC733253E739A0042A5CF /* Assets.xcassets */; };
		EC9EC737253E739A0042A5CF /* LaunchScreen.storyboard in Resources */ = {isa = PBXBuildFile; fileRef = EC9EC735253E739A0042A5CF /* LaunchScreen.storyboard */; };
		EC9EC742253E739A0042A5CF /* YamotoTests.swift in Sources */ = {isa = PBXBuildFile; fileRef = EC9EC741253E739A0042A5CF /* YamotoTests.swift */; };
		EC9EC74D253E739A0042A5CF /* YamotoUITests.swift in Sources */ = {isa = PBXBuildFile; fileRef = EC9EC74C253E739A0042A5CF /* YamotoUITests.swift */; };
		EC9EC75C253E8A190042A5CF /* Differentiator in Frameworks */ = {isa = PBXBuildFile; productRef = EC9EC75B253E8A190042A5CF /* Differentiator */; };
		EC9EC75E253E8A190042A5CF /* RxDataSources in Frameworks */ = {isa = PBXBuildFile; productRef = EC9EC75D253E8A190042A5CF /* RxDataSources */; };
		EC9EC761253E92980042A5CF /* Moya in Frameworks */ = {isa = PBXBuildFile; productRef = EC9EC760253E92980042A5CF /* Moya */; };
		EC9EC763253E92980042A5CF /* ReactiveMoya in Frameworks */ = {isa = PBXBuildFile; productRef = EC9EC762253E92980042A5CF /* ReactiveMoya */; };
		EC9EC765253E92980042A5CF /* RxMoya in Frameworks */ = {isa = PBXBuildFile; productRef = EC9EC764253E92980042A5CF /* RxMoya */; };
		EC9EC76C253EC2C30042A5CF /* GitHubAPI.swift in Sources */ = {isa = PBXBuildFile; fileRef = EC9EC76B253EC2C30042A5CF /* GitHubAPI.swift */; };
		EC9EC76E253EC4060042A5CF /* Wireframe.swift in Sources */ = {isa = PBXBuildFile; fileRef = EC9EC76D253EC4060042A5CF /* Wireframe.swift */; };
		EC9EC770253EC6410042A5CF /* ActivityIndicator.swift in Sources */ = {isa = PBXBuildFile; fileRef = EC9EC76F253EC6410042A5CF /* ActivityIndicator.swift */; };
		EC9EC772253ECBC80042A5CF /* GitHubDefaultValidationService.swift in Sources */ = {isa = PBXBuildFile; fileRef = EC9EC771253ECBC80042A5CF /* GitHubDefaultValidationService.swift */; };
		EC9EC774253ECE410042A5CF /* BindingExtensions.swift in Sources */ = {isa = PBXBuildFile; fileRef = EC9EC773253ECE410042A5CF /* BindingExtensions.swift */; };
		ECB425632548035B0024A61B /* YMTCollectionView.swift in Sources */ = {isa = PBXBuildFile; fileRef = ECB425622548035B0024A61B /* YMTCollectionView.swift */; };
		ECB4256525480B790024A61B /* Login.storyboard in Resources */ = {isa = PBXBuildFile; fileRef = ECB4256425480B790024A61B /* Login.storyboard */; };
		ECB4256725480BB40024A61B /* YMTLoginViewController.swift in Sources */ = {isa = PBXBuildFile; fileRef = ECB4256625480BB40024A61B /* YMTLoginViewController.swift */; };
		ECE96DB225523CF9008B56A7 /* YMTExtensions.swift in Sources */ = {isa = PBXBuildFile; fileRef = ECE96DB125523CF9008B56A7 /* YMTExtensions.swift */; };
		ECE96DB725525159008B56A7 /* PageControl.swift in Sources */ = {isa = PBXBuildFile; fileRef = ECE96DB425525159008B56A7 /* PageControl.swift */; };
		ECE96DB825525159008B56A7 /* GuidePageView.swift in Sources */ = {isa = PBXBuildFile; fileRef = ECE96DB525525159008B56A7 /* GuidePageView.swift */; };
		ECE96DD12552558F008B56A7 /* guideImage1.jpg in Resources */ = {isa = PBXBuildFile; fileRef = ECE96DC32552558F008B56A7 /* guideImage1.jpg */; };
		ECE96DD22552558F008B56A7 /* adImage3.gif in Resources */ = {isa = PBXBuildFile; fileRef = ECE96DC42552558F008B56A7 /* adImage3.gif */; };
		ECE96DD32552558F008B56A7 /* guideImage2.jpg in Resources */ = {isa = PBXBuildFile; fileRef = ECE96DC52552558F008B56A7 /* guideImage2.jpg */; };
		ECE96DD42552558F008B56A7 /* guideImage3.jpg in Resources */ = {isa = PBXBuildFile; fileRef = ECE96DC62552558F008B56A7 /* guideImage3.jpg */; };
		ECE96DD52552558F008B56A7 /* adImage4.gif in Resources */ = {isa = PBXBuildFile; fileRef = ECE96DC72552558F008B56A7 /* adImage4.gif */; };
		ECE96DD62552558F008B56A7 /* guideImage4.jpg in Resources */ = {isa = PBXBuildFile; fileRef = ECE96DC82552558F008B56A7 /* guideImage4.jpg */; };
		ECE96DD72552558F008B56A7 /* guideImage5.jpg in Resources */ = {isa = PBXBuildFile; fileRef = ECE96DC92552558F008B56A7 /* guideImage5.jpg */; };
		ECE96DD82552558F008B56A7 /* guideImage8.gif in Resources */ = {isa = PBXBuildFile; fileRef = ECE96DCA2552558F008B56A7 /* guideImage8.gif */; };
		ECE96DD92552558F008B56A7 /* start_btn_bg.png in Resources */ = {isa = PBXBuildFile; fileRef = ECE96DCB2552558F008B56A7 /* start_btn_bg.png */; };
		ECE96DDA2552558F008B56A7 /* guideMovie1.mov in Resources */ = {isa = PBXBuildFile; fileRef = ECE96DCC2552558F008B56A7 /* guideMovie1.mov */; };
		ECE96DDB2552558F008B56A7 /* view_bg_image.png in Resources */ = {isa = PBXBuildFile; fileRef = ECE96DCD2552558F008B56A7 /* view_bg_image.png */; };
		ECE96DDC2552558F008B56A7 /* guideImage7.gif in Resources */ = {isa = PBXBuildFile; fileRef = ECE96DCE2552558F008B56A7 /* guideImage7.gif */; };
		ECE96DDD2552558F008B56A7 /* guideImage6.gif in Resources */ = {isa = PBXBuildFile; fileRef = ECE96DCF2552558F008B56A7 /* guideImage6.gif */; };
		ECE96DDE2552558F008B56A7 /* shopping.gif in Resources */ = {isa = PBXBuildFile; fileRef = ECE96DD02552558F008B56A7 /* shopping.gif */; };
		ECE96E14255272F0008B56A7 /* Localizable.strings in Resources */ = {isa = PBXBuildFile; fileRef = ECE96E0C255272F0008B56A7 /* Localizable.strings */; };
		ECE96E15255272F0008B56A7 /* InfoPlist.strings in Resources */ = {isa = PBXBuildFile; fileRef = ECE96E0E255272F0008B56A7 /* InfoPlist.strings */; };
		ECE96E1825527A96008B56A7 /* CoreDataManager.swift in Sources */ = {isa = PBXBuildFile; fileRef = ECE96E1725527A96008B56A7 /* CoreDataManager.swift */; };
		ECE96E1B25527B59008B56A7 /* YamotoData.xcdatamodeld in Sources */ = {isa = PBXBuildFile; fileRef = ECE96E1925527B59008B56A7 /* YamotoData.xcdatamodeld */; };
		ECE96E20255289B1008B56A7 /* PreferenceManager.swift in Sources */ = {isa = PBXBuildFile; fileRef = ECE96E1F255289B1008B56A7 /* PreferenceManager.swift */; };
		ECE96E22255289D2008B56A7 /* UserInfo.swift in Sources */ = {isa = PBXBuildFile; fileRef = ECE96E21255289D2008B56A7 /* UserInfo.swift */; };
/* End PBXBuildFile section */

/* Begin PBXContainerItemProxy section */
		EC9EC73E253E739A0042A5CF /* PBXContainerItemProxy */ = {
			isa = PBXContainerItemProxy;
			containerPortal = EC9EC71F253E73990042A5CF /* Project object */;
			proxyType = 1;
			remoteGlobalIDString = EC9EC726253E73990042A5CF;
			remoteInfo = Yamoto;
		};
		EC9EC749253E739A0042A5CF /* PBXContainerItemProxy */ = {
			isa = PBXContainerItemProxy;
			containerPortal = EC9EC71F253E73990042A5CF /* Project object */;
			proxyType = 1;
			remoteGlobalIDString = EC9EC726253E73990042A5CF;
			remoteInfo = Yamoto;
		};
/* End PBXContainerItemProxy section */

/* Begin PBXFileReference section */
		EC3ED513255E32AE00DD08C5 /* TabBaoViewModel.swift */ = {isa = PBXFileReference; lastKnownFileType = sourcecode.swift; path = TabBaoViewModel.swift; sourceTree = "<group>"; };
		EC42465F255384B9008A5050 /* YMTCollectionReusableView.swift */ = {isa = PBXFileReference; lastKnownFileType = sourcecode.swift; path = YMTCollectionReusableView.swift; sourceTree = "<group>"; };
		EC42466325539C4D008A5050 /* YMTBaseColletionCell.swift */ = {isa = PBXFileReference; lastKnownFileType = sourcecode.swift; path = YMTBaseColletionCell.swift; sourceTree = "<group>"; };
		EC4246652553A491008A5050 /* YMTBaseTableView.swift */ = {isa = PBXFileReference; lastKnownFileType = sourcecode.swift; path = YMTBaseTableView.swift; sourceTree = "<group>"; };
		EC4447DE255B6ACB0033138F /* YMTTaoBaoModel.swift */ = {isa = PBXFileReference; lastKnownFileType = sourcecode.swift; path = YMTTaoBaoModel.swift; sourceTree = "<group>"; };
		EC45F2832554F25600C91997 /* LXFModel.swift */ = {isa = PBXFileReference; lastKnownFileType = sourcecode.swift; path = LXFModel.swift; sourceTree = "<group>"; };
		EC45F2852554FBA700C91997 /* LXFNetworkTool.swift */ = {isa = PBXFileReference; lastKnownFileType = sourcecode.swift; path = LXFNetworkTool.swift; sourceTree = "<group>"; };
		EC46C7B0254A50F700CF7DEC /* YMTTaoBaoViewModel.swift */ = {isa = PBXFileReference; lastKnownFileType = sourcecode.swift; path = YMTTaoBaoViewModel.swift; sourceTree = "<group>"; };
		EC46C7C2254A916E00CF7DEC /* YMTOrderTableViewCell.swift */ = {isa = PBXFileReference; lastKnownFileType = sourcecode.swift; path = YMTOrderTableViewCell.swift; sourceTree = "<group>"; };
		EC46C7C3254A916F00CF7DEC /* YMTOrderTableViewCell.xib */ = {isa = PBXFileReference; lastKnownFileType = file.xib; path = YMTOrderTableViewCell.xib; sourceTree = "<group>"; };
		EC4C23FE254652FE00F31CAC /* AdvertisementView.swift */ = {isa = PBXFileReference; fileEncoding = 4; lastKnownFileType = sourcecode.swift; path = AdvertisementView.swift; sourceTree = "<group>"; };
		EC4C23FF254652FE00F31CAC /* String+MD5.swift */ = {isa = PBXFileReference; fileEncoding = 4; lastKnownFileType = sourcecode.swift; path = "String+MD5.swift"; sourceTree = "<group>"; };
		EC4C2400254652FE00F31CAC /* GifImageOperation.swift */ = {isa = PBXFileReference; fileEncoding = 4; lastKnownFileType = sourcecode.swift; path = GifImageOperation.swift; sourceTree = "<group>"; };
		EC4C24042546538600F31CAC /* YMTHomePageController.swift */ = {isa = PBXFileReference; fileEncoding = 4; lastKnownFileType = sourcecode.swift; path = YMTHomePageController.swift; sourceTree = "<group>"; };
		EC4C240925469C1900F31CAC /* YMTNavBarButton.swift */ = {isa = PBXFileReference; lastKnownFileType = sourcecode.swift; path = YMTNavBarButton.swift; sourceTree = "<group>"; };
		EC4C240E2546B14B00F31CAC /* LTAutoScrollView.swift */ = {isa = PBXFileReference; fileEncoding = 4; lastKnownFileType = sourcecode.swift; path = LTAutoScrollView.swift; sourceTree = "<group>"; };
		EC4C24112546B54900F31CAC /* pageControlCurrentDot@2x.png */ = {isa = PBXFileReference; lastKnownFileType = image.png; path = "pageControlCurrentDot@2x.png"; sourceTree = "<group>"; };
		EC4C24122546B54900F31CAC /* pageControlCurrentDot@3x.png */ = {isa = PBXFileReference; lastKnownFileType = image.png; path = "pageControlCurrentDot@3x.png"; sourceTree = "<group>"; };
		EC4C24132546B54900F31CAC /* pageControlDot@3x.png */ = {isa = PBXFileReference; lastKnownFileType = image.png; path = "pageControlDot@3x.png"; sourceTree = "<group>"; };
		EC4C24142546B54900F31CAC /* pageControlDot@2x.png */ = {isa = PBXFileReference; lastKnownFileType = image.png; path = "pageControlDot@2x.png"; sourceTree = "<group>"; };
		EC4C24152546B54900F31CAC /* image1.png */ = {isa = PBXFileReference; lastKnownFileType = image.png; path = image1.png; sourceTree = "<group>"; };
		EC4C24162546B54900F31CAC /* image2.png */ = {isa = PBXFileReference; lastKnownFileType = image.png; path = image2.png; sourceTree = "<group>"; };
		EC4C241D2546BDB700F31CAC /* HomePageApi.swift */ = {isa = PBXFileReference; lastKnownFileType = sourcecode.swift; path = HomePageApi.swift; sourceTree = "<group>"; };
		EC4C24302546CE7500F31CAC /* SignalProducer+ObjectMapper.swift */ = {isa = PBXFileReference; fileEncoding = 4; lastKnownFileType = sourcecode.swift; path = "SignalProducer+ObjectMapper.swift"; sourceTree = "<group>"; };
		EC4C24322546CE7500F31CAC /* ObservableType+ObjectMapper.swift */ = {isa = PBXFileReference; fileEncoding = 4; lastKnownFileType = sourcecode.swift; path = "ObservableType+ObjectMapper.swift"; sourceTree = "<group>"; };
		EC4C24332546CE7500F31CAC /* Single+ObjectMapper.swift */ = {isa = PBXFileReference; fileEncoding = 4; lastKnownFileType = sourcecode.swift; path = "Single+ObjectMapper.swift"; sourceTree = "<group>"; };
		EC4C24352546CE7500F31CAC /* Response+ObjectMapper.swift */ = {isa = PBXFileReference; fileEncoding = 4; lastKnownFileType = sourcecode.swift; path = "Response+ObjectMapper.swift"; sourceTree = "<group>"; };
		EC565481254FDF1A00D72296 /* YMTProductDetalisController.swift */ = {isa = PBXFileReference; lastKnownFileType = sourcecode.swift; path = YMTProductDetalisController.swift; sourceTree = "<group>"; };
		EC565485254FEAC900D72296 /* YMTProductDetailsViewModel.swift */ = {isa = PBXFileReference; lastKnownFileType = sourcecode.swift; path = YMTProductDetailsViewModel.swift; sourceTree = "<group>"; };
		EC7738E2254279780034EC30 /* YMTBaseTabBarController.swift */ = {isa = PBXFileReference; lastKnownFileType = sourcecode.swift; path = YMTBaseTabBarController.swift; sourceTree = "<group>"; };
		EC7738E4254279980034EC30 /* YMTBaseNavigationViewController.swift */ = {isa = PBXFileReference; lastKnownFileType = sourcecode.swift; path = YMTBaseNavigationViewController.swift; sourceTree = "<group>"; };
		EC7738E6254279CC0034EC30 /* YMTBaseViewController.swift */ = {isa = PBXFileReference; lastKnownFileType = sourcecode.swift; path = YMTBaseViewController.swift; sourceTree = "<group>"; };
		EC7738EA25427AB00034EC30 /* YMTHomePageTabBarController.swift */ = {isa = PBXFileReference; lastKnownFileType = sourcecode.swift; path = YMTHomePageTabBarController.swift; sourceTree = "<group>"; };
		EC7738EF25427BB80034EC30 /* YMTTaobaoList.swift */ = {isa = PBXFileReference; lastKnownFileType = sourcecode.swift; path = YMTTaobaoList.swift; sourceTree = "<group>"; };
		EC7738F125427BCB0034EC30 /* YMTOrderViewController.swift */ = {isa = PBXFileReference; lastKnownFileType = sourcecode.swift; path = YMTOrderViewController.swift; sourceTree = "<group>"; };
		EC7738F325427BE20034EC30 /* YMTFreightViewController.swift */ = {isa = PBXFileReference; lastKnownFileType = sourcecode.swift; path = YMTFreightViewController.swift; sourceTree = "<group>"; };
		EC7738F625427C4B0034EC30 /* YMTPersonalViewController.swift */ = {isa = PBXFileReference; lastKnownFileType = sourcecode.swift; path = YMTPersonalViewController.swift; sourceTree = "<group>"; };
		EC7738F8254282220034EC30 /* YMTHomeNavigaitonController.swift */ = {isa = PBXFileReference; lastKnownFileType = sourcecode.swift; path = YMTHomeNavigaitonController.swift; sourceTree = "<group>"; };
		EC7739062542BA9D0034EC30 /* YMTHomePageViewModel.swift */ = {isa = PBXFileReference; lastKnownFileType = sourcecode.swift; path = YMTHomePageViewModel.swift; sourceTree = "<group>"; };
		EC7739082542BAB20034EC30 /* YMTHomePageModel.swift */ = {isa = PBXFileReference; lastKnownFileType = sourcecode.swift; path = YMTHomePageModel.swift; sourceTree = "<group>"; };
		EC77390A2542BAFF0034EC30 /* YMTTableViewCell.swift */ = {isa = PBXFileReference; lastKnownFileType = sourcecode.swift; path = YMTTableViewCell.swift; sourceTree = "<group>"; };
		EC77391C2542C0E90034EC30 /* YMTGlobalLet.swift */ = {isa = PBXFileReference; lastKnownFileType = sourcecode.swift; path = YMTGlobalLet.swift; sourceTree = "<group>"; };
		EC77391E2542C7D20034EC30 /* YMTCollectionCell.swift */ = {isa = PBXFileReference; lastKnownFileType = sourcecode.swift; path = YMTCollectionCell.swift; sourceTree = "<group>"; };
		EC9EC727253E73990042A5CF /* Yamoto.app */ = {isa = PBXFileReference; explicitFileType = wrapper.application; includeInIndex = 0; path = Yamoto.app; sourceTree = BUILT_PRODUCTS_DIR; };
		EC9EC72A253E73990042A5CF /* AppDelegate.swift */ = {isa = PBXFileReference; lastKnownFileType = sourcecode.swift; path = AppDelegate.swift; sourceTree = "<group>"; };
		EC9EC733253E739A0042A5CF /* Assets.xcassets */ = {isa = PBXFileReference; lastKnownFileType = folder.assetcatalog; path = Assets.xcassets; sourceTree = "<group>"; };
		EC9EC736253E739A0042A5CF /* Base */ = {isa = PBXFileReference; lastKnownFileType = file.storyboard; name = Base; path = Base.lproj/LaunchScreen.storyboard; sourceTree = "<group>"; };
		EC9EC738253E739A0042A5CF /* Info.plist */ = {isa = PBXFileReference; lastKnownFileType = text.plist.xml; path = Info.plist; sourceTree = "<group>"; };
		EC9EC73D253E739A0042A5CF /* YamotoTests.xctest */ = {isa = PBXFileReference; explicitFileType = wrapper.cfbundle; includeInIndex = 0; path = YamotoTests.xctest; sourceTree = BUILT_PRODUCTS_DIR; };
		EC9EC741253E739A0042A5CF /* YamotoTests.swift */ = {isa = PBXFileReference; lastKnownFileType = sourcecode.swift; path = YamotoTests.swift; sourceTree = "<group>"; };
		EC9EC743253E739A0042A5CF /* Info.plist */ = {isa = PBXFileReference; lastKnownFileType = text.plist.xml; path = Info.plist; sourceTree = "<group>"; };
		EC9EC748253E739A0042A5CF /* YamotoUITests.xctest */ = {isa = PBXFileReference; explicitFileType = wrapper.cfbundle; includeInIndex = 0; path = YamotoUITests.xctest; sourceTree = BUILT_PRODUCTS_DIR; };
		EC9EC74C253E739A0042A5CF /* YamotoUITests.swift */ = {isa = PBXFileReference; lastKnownFileType = sourcecode.swift; path = YamotoUITests.swift; sourceTree = "<group>"; };
		EC9EC74E253E739A0042A5CF /* Info.plist */ = {isa = PBXFileReference; lastKnownFileType = text.plist.xml; path = Info.plist; sourceTree = "<group>"; };
		EC9EC76B253EC2C30042A5CF /* GitHubAPI.swift */ = {isa = PBXFileReference; lastKnownFileType = sourcecode.swift; path = GitHubAPI.swift; sourceTree = "<group>"; };
		EC9EC76D253EC4060042A5CF /* Wireframe.swift */ = {isa = PBXFileReference; lastKnownFileType = sourcecode.swift; path = Wireframe.swift; sourceTree = "<group>"; };
		EC9EC76F253EC6410042A5CF /* ActivityIndicator.swift */ = {isa = PBXFileReference; lastKnownFileType = sourcecode.swift; path = ActivityIndicator.swift; sourceTree = "<group>"; };
		EC9EC771253ECBC80042A5CF /* GitHubDefaultValidationService.swift */ = {isa = PBXFileReference; lastKnownFileType = sourcecode.swift; path = GitHubDefaultValidationService.swift; sourceTree = "<group>"; };
		EC9EC773253ECE410042A5CF /* BindingExtensions.swift */ = {isa = PBXFileReference; lastKnownFileType = sourcecode.swift; path = BindingExtensions.swift; sourceTree = "<group>"; };
		ECB425622548035B0024A61B /* YMTCollectionView.swift */ = {isa = PBXFileReference; lastKnownFileType = sourcecode.swift; path = YMTCollectionView.swift; sourceTree = "<group>"; };
		ECB4256425480B790024A61B /* Login.storyboard */ = {isa = PBXFileReference; lastKnownFileType = file.storyboard; path = Login.storyboard; sourceTree = "<group>"; };
		ECB4256625480BB40024A61B /* YMTLoginViewController.swift */ = {isa = PBXFileReference; lastKnownFileType = sourcecode.swift; path = YMTLoginViewController.swift; sourceTree = "<group>"; };
		ECE96DB125523CF9008B56A7 /* YMTExtensions.swift */ = {isa = PBXFileReference; lastKnownFileType = sourcecode.swift; path = YMTExtensions.swift; sourceTree = "<group>"; };
		ECE96DB425525159008B56A7 /* PageControl.swift */ = {isa = PBXFileReference; fileEncoding = 4; lastKnownFileType = sourcecode.swift; path = PageControl.swift; sourceTree = "<group>"; };
		ECE96DB525525159008B56A7 /* GuidePageView.swift */ = {isa = PBXFileReference; fileEncoding = 4; lastKnownFileType = sourcecode.swift; path = GuidePageView.swift; sourceTree = "<group>"; };
		ECE96DC32552558F008B56A7 /* guideImage1.jpg */ = {isa = PBXFileReference; lastKnownFileType = image.jpeg; path = guideImage1.jpg; sourceTree = "<group>"; };
		ECE96DC42552558F008B56A7 /* adImage3.gif */ = {isa = PBXFileReference; lastKnownFileType = image.gif; path = adImage3.gif; sourceTree = "<group>"; };
		ECE96DC52552558F008B56A7 /* guideImage2.jpg */ = {isa = PBXFileReference; lastKnownFileType = image.jpeg; path = guideImage2.jpg; sourceTree = "<group>"; };
		ECE96DC62552558F008B56A7 /* guideImage3.jpg */ = {isa = PBXFileReference; lastKnownFileType = image.jpeg; path = guideImage3.jpg; sourceTree = "<group>"; };
		ECE96DC72552558F008B56A7 /* adImage4.gif */ = {isa = PBXFileReference; lastKnownFileType = image.gif; path = adImage4.gif; sourceTree = "<group>"; };
		ECE96DC82552558F008B56A7 /* guideImage4.jpg */ = {isa = PBXFileReference; lastKnownFileType = image.jpeg; path = guideImage4.jpg; sourceTree = "<group>"; };
		ECE96DC92552558F008B56A7 /* guideImage5.jpg */ = {isa = PBXFileReference; lastKnownFileType = image.jpeg; path = guideImage5.jpg; sourceTree = "<group>"; };
		ECE96DCA2552558F008B56A7 /* guideImage8.gif */ = {isa = PBXFileReference; lastKnownFileType = image.gif; path = guideImage8.gif; sourceTree = "<group>"; };
		ECE96DCB2552558F008B56A7 /* start_btn_bg.png */ = {isa = PBXFileReference; lastKnownFileType = image.png; path = start_btn_bg.png; sourceTree = "<group>"; };
		ECE96DCC2552558F008B56A7 /* guideMovie1.mov */ = {isa = PBXFileReference; lastKnownFileType = video.quicktime; path = guideMovie1.mov; sourceTree = "<group>"; };
		ECE96DCD2552558F008B56A7 /* view_bg_image.png */ = {isa = PBXFileReference; lastKnownFileType = image.png; path = view_bg_image.png; sourceTree = "<group>"; };
		ECE96DCE2552558F008B56A7 /* guideImage7.gif */ = {isa = PBXFileReference; lastKnownFileType = image.gif; path = guideImage7.gif; sourceTree = "<group>"; };
		ECE96DCF2552558F008B56A7 /* guideImage6.gif */ = {isa = PBXFileReference; lastKnownFileType = image.gif; path = guideImage6.gif; sourceTree = "<group>"; };
		ECE96DD02552558F008B56A7 /* shopping.gif */ = {isa = PBXFileReference; lastKnownFileType = image.gif; path = shopping.gif; sourceTree = "<group>"; };
		ECE96E0D255272F0008B56A7 /* zh-Hans */ = {isa = PBXFileReference; lastKnownFileType = text.plist.strings; name = "zh-Hans"; path = "zh-Hans.lproj/Localizable.strings"; sourceTree = "<group>"; };
		ECE96E0F255272F0008B56A7 /* zh-Hans */ = {isa = PBXFileReference; lastKnownFileType = text.plist.strings; name = "zh-Hans"; path = "zh-Hans.lproj/InfoPlist.strings"; sourceTree = "<group>"; };
		ECE96E10255272F0008B56A7 /* ja */ = {isa = PBXFileReference; lastKnownFileType = text.plist.strings; name = ja; path = ja.lproj/Localizable.strings; sourceTree = "<group>"; };
		ECE96E11255272F0008B56A7 /* ja */ = {isa = PBXFileReference; lastKnownFileType = text.plist.strings; name = ja; path = ja.lproj/InfoPlist.strings; sourceTree = "<group>"; };
		ECE96E12255272F0008B56A7 /* en */ = {isa = PBXFileReference; lastKnownFileType = text.plist.strings; name = en; path = en.lproj/Localizable.strings; sourceTree = "<group>"; };
		ECE96E13255272F0008B56A7 /* en */ = {isa = PBXFileReference; lastKnownFileType = text.plist.strings; name = en; path = en.lproj/InfoPlist.strings; sourceTree = "<group>"; };
		ECE96E1725527A96008B56A7 /* CoreDataManager.swift */ = {isa = PBXFileReference; fileEncoding = 4; lastKnownFileType = sourcecode.swift; path = CoreDataManager.swift; sourceTree = "<group>"; };
		ECE96E1A25527B59008B56A7 /* YamotoData.xcdatamodel */ = {isa = PBXFileReference; lastKnownFileType = wrapper.xcdatamodel; path = YamotoData.xcdatamodel; sourceTree = "<group>"; };
		ECE96E1F255289B1008B56A7 /* PreferenceManager.swift */ = {isa = PBXFileReference; lastKnownFileType = sourcecode.swift; path = PreferenceManager.swift; sourceTree = "<group>"; };
		ECE96E21255289D2008B56A7 /* UserInfo.swift */ = {isa = PBXFileReference; lastKnownFileType = sourcecode.swift; path = UserInfo.swift; sourceTree = "<group>"; };
/* End PBXFileReference section */

/* Begin PBXFrameworksBuildPhase section */
		EC9EC724253E73990042A5CF /* Frameworks */ = {
			isa = PBXFrameworksBuildPhase;
			buildActionMask = 2147483647;
			files = (
				EC69D75C254171790025917F /* ObjectMapper in Frameworks */,
				EC9EC765253E92980042A5CF /* RxMoya in Frameworks */,
				EC9EC75C253E8A190042A5CF /* Differentiator in Frameworks */,
				EC69D75F2541769C0025917F /* SnapKit in Frameworks */,
				EC3F51D125591CF700448CA9 /* Kingfisher in Frameworks */,
				EC69D762254181570025917F /* SkeletonView in Frameworks */,
				EC9EC763253E92980042A5CF /* ReactiveMoya in Frameworks */,
				EC9EC75E253E8A190042A5CF /* RxDataSources in Frameworks */,
				EC46C7B5254A6FEA00CF7DEC /* ESPullToRefresh in Frameworks */,
				EC9EC761253E92980042A5CF /* Moya in Frameworks */,
			);
			runOnlyForDeploymentPostprocessing = 0;
		};
		EC9EC73A253E739A0042A5CF /* Frameworks */ = {
			isa = PBXFrameworksBuildPhase;
			buildActionMask = 2147483647;
			files = (
			);
			runOnlyForDeploymentPostprocessing = 0;
		};
		EC9EC745253E739A0042A5CF /* Frameworks */ = {
			isa = PBXFrameworksBuildPhase;
			buildActionMask = 2147483647;
			files = (
			);
			runOnlyForDeploymentPostprocessing = 0;
		};
/* End PBXFrameworksBuildPhase section */

/* Begin PBXGroup section */
		EC46C7B2254A686E00CF7DEC /* RxObjectMapper */ = {
			isa = PBXGroup;
			children = (
				EC4C24342546CE7500F31CAC /* Core */,
				EC4C242F2546CE7500F31CAC /* ReactiveSwift */,
				EC4C24312546CE7500F31CAC /* RxSwift */,
			);
			path = RxObjectMapper;
			sourceTree = "<group>";
		};
		EC46C7B6254A841F00CF7DEC /* View */ = {
			isa = PBXGroup;
			children = (
				EC46C7C2254A916E00CF7DEC /* YMTOrderTableViewCell.swift */,
				EC46C7C3254A916F00CF7DEC /* YMTOrderTableViewCell.xib */,
			);
			path = View;
			sourceTree = "<group>";
		};
		EC46C7B7254A841F00CF7DEC /* ViewModel */ = {
			isa = PBXGroup;
			children = (
			);
			path = ViewModel;
			sourceTree = "<group>";
		};
		EC46C7B8254A841F00CF7DEC /* Controller */ = {
			isa = PBXGroup;
			children = (
				EC7738F125427BCB0034EC30 /* YMTOrderViewController.swift */,
			);
			path = Controller;
			sourceTree = "<group>";
		};
		EC46C7B9254A841F00CF7DEC /* Model */ = {
			isa = PBXGroup;
			children = (
			);
			path = Model;
			sourceTree = "<group>";
		};
		EC4C23FC254652F100F31CAC /* Utility */ = {
			isa = PBXGroup;
			children = (
				ECE96DB025523CDC008B56A7 /* Extensions */,
				ECE96E1625527A96008B56A7 /* CoreData */,
				ECE96E1E2552899E008B56A7 /* PreferenceManager */,
				ECE96DB325525159008B56A7 /* GuidePageView */,
				EC46C7B2254A686E00CF7DEC /* RxObjectMapper */,
				EC4C240D2546B14B00F31CAC /* LTAutoScrollView */,
				EC4C23FD254652FE00F31CAC /* AdvertusementView */,
			);
			path = Utility;
			sourceTree = "<group>";
		};
		EC4C23FD254652FE00F31CAC /* AdvertusementView */ = {
			isa = PBXGroup;
			children = (
				EC4C23FE254652FE00F31CAC /* AdvertisementView.swift */,
				EC4C2400254652FE00F31CAC /* GifImageOperation.swift */,
				EC4C23FF254652FE00F31CAC /* String+MD5.swift */,
			);
			path = AdvertusementView;
			sourceTree = "<group>";
		};
		EC4C240D2546B14B00F31CAC /* LTAutoScrollView */ = {
			isa = PBXGroup;
			children = (
				EC4C240E2546B14B00F31CAC /* LTAutoScrollView.swift */,
			);
			path = LTAutoScrollView;
			sourceTree = "<group>";
		};
		EC4C24102546B54900F31CAC /* ResourceFile */ = {
			isa = PBXGroup;
			children = (
				ECE96E0B255272F0008B56A7 /* Global */,
				ECE96DC22552558F008B56A7 /* Images */,
			);
			path = ResourceFile;
			sourceTree = "<group>";
		};
		EC4C242F2546CE7500F31CAC /* ReactiveSwift */ = {
			isa = PBXGroup;
			children = (
				EC4C24302546CE7500F31CAC /* SignalProducer+ObjectMapper.swift */,
			);
			path = ReactiveSwift;
			sourceTree = "<group>";
		};
		EC4C24312546CE7500F31CAC /* RxSwift */ = {
			isa = PBXGroup;
			children = (
				EC4C24322546CE7500F31CAC /* ObservableType+ObjectMapper.swift */,
				EC4C24332546CE7500F31CAC /* Single+ObjectMapper.swift */,
			);
			path = RxSwift;
			sourceTree = "<group>";
		};
		EC4C24342546CE7500F31CAC /* Core */ = {
			isa = PBXGroup;
			children = (
				EC4C24352546CE7500F31CAC /* Response+ObjectMapper.swift */,
			);
			path = Core;
			sourceTree = "<group>";
		};
		EC4E9E97253FC82B00219BFB /* Login */ = {
			isa = PBXGroup;
			children = (
				EC9EC76B253EC2C30042A5CF /* GitHubAPI.swift */,
				EC9EC76D253EC4060042A5CF /* Wireframe.swift */,
				EC9EC771253ECBC80042A5CF /* GitHubDefaultValidationService.swift */,
				EC9EC76F253EC6410042A5CF /* ActivityIndicator.swift */,
				EC9EC773253ECE410042A5CF /* BindingExtensions.swift */,
			);
			path = Login;
			sourceTree = "<group>";
		};
		EC7738E12542791A0034EC30 /* Base */ = {
			isa = PBXGroup;
			children = (
				EC7738E2254279780034EC30 /* YMTBaseTabBarController.swift */,
				EC7738E4254279980034EC30 /* YMTBaseNavigationViewController.swift */,
				EC7738E6254279CC0034EC30 /* YMTBaseViewController.swift */,
				EC4246652553A491008A5050 /* YMTBaseTableView.swift */,
				EC42466325539C4D008A5050 /* YMTBaseColletionCell.swift */,
				EC77391C2542C0E90034EC30 /* YMTGlobalLet.swift */,
			);
			path = Base;
			sourceTree = "<group>";
		};
		EC7738E825427A760034EC30 /* Modules */ = {
			isa = PBXGroup;
			children = (
				EC7739212542D7A10034EC30 /* Main */,
				EC7738E925427A760034EC30 /* Home */,
				EC7738ED25427B480034EC30 /* Signin */,
				EC7738EE25427B480034EC30 /* Order */,
				EC7738EC25427B430034EC30 /* Freight */,
				EC7738F525427C290034EC30 /* Personal */,
			);
			path = Modules;
			sourceTree = "<group>";
		};
		EC7738E925427A760034EC30 /* Home */ = {
			isa = PBXGroup;
			children = (
				ECB4255D2547F3F40024A61B /* Controller */,
				ECB4255E2547F3F40024A61B /* ViewModel */,
				ECB4255F2547F3F40024A61B /* Model */,
				ECB4255C2547F3F40024A61B /* View */,
			);
			path = Home;
			sourceTree = "<group>";
		};
		EC7738EC25427B430034EC30 /* Freight */ = {
			isa = PBXGroup;
			children = (
				EC7738F325427BE20034EC30 /* YMTFreightViewController.swift */,
			);
			path = Freight;
			sourceTree = "<group>";
		};
		EC7738ED25427B480034EC30 /* Signin */ = {
			isa = PBXGroup;
			children = (
				ECB4256425480B790024A61B /* Login.storyboard */,
				ECB4256625480BB40024A61B /* YMTLoginViewController.swift */,
			);
			path = Signin;
			sourceTree = "<group>";
		};
		EC7738EE25427B480034EC30 /* Order */ = {
			isa = PBXGroup;
			children = (
				EC46C7B7254A841F00CF7DEC /* ViewModel */,
				EC46C7B8254A841F00CF7DEC /* Controller */,
				EC46C7B9254A841F00CF7DEC /* Model */,
				EC46C7B6254A841F00CF7DEC /* View */,
			);
			path = Order;
			sourceTree = "<group>";
		};
		EC7738F525427C290034EC30 /* Personal */ = {
			isa = PBXGroup;
			children = (
				EC7738F625427C4B0034EC30 /* YMTPersonalViewController.swift */,
			);
			path = Personal;
			sourceTree = "<group>";
		};
		EC7739212542D7A10034EC30 /* Main */ = {
			isa = PBXGroup;
			children = (
				EC7738EA25427AB00034EC30 /* YMTHomePageTabBarController.swift */,
				EC7738F8254282220034EC30 /* YMTHomeNavigaitonController.swift */,
			);
			path = Main;
			sourceTree = "<group>";
		};
		EC9EC71E253E73990042A5CF = {
			isa = PBXGroup;
			children = (
				EC9EC729253E73990042A5CF /* Yamoto */,
				EC9EC740253E739A0042A5CF /* YamotoTests */,
				EC9EC74B253E739A0042A5CF /* YamotoUITests */,
				EC9EC728253E73990042A5CF /* Products */,
			);
			sourceTree = "<group>";
		};
		EC9EC728253E73990042A5CF /* Products */ = {
			isa = PBXGroup;
			children = (
				EC9EC727253E73990042A5CF /* Yamoto.app */,
				EC9EC73D253E739A0042A5CF /* YamotoTests.xctest */,
				EC9EC748253E739A0042A5CF /* YamotoUITests.xctest */,
			);
			name = Products;
			sourceTree = "<group>";
		};
		EC9EC729253E73990042A5CF /* Yamoto */ = {
			isa = PBXGroup;
			children = (
				ECE96E232552A46D008B56A7 /* Common */,
				EC7738E825427A760034EC30 /* Modules */,
				EC4E9E97253FC82B00219BFB /* Login */,
				EC9EC72A253E73990042A5CF /* AppDelegate.swift */,
				EC9EC733253E739A0042A5CF /* Assets.xcassets */,
				EC9EC735253E739A0042A5CF /* LaunchScreen.storyboard */,
				EC9EC738253E739A0042A5CF /* Info.plist */,
			);
			path = Yamoto;
			sourceTree = "<group>";
		};
		EC9EC740253E739A0042A5CF /* YamotoTests */ = {
			isa = PBXGroup;
			children = (
				EC9EC741253E739A0042A5CF /* YamotoTests.swift */,
				EC9EC743253E739A0042A5CF /* Info.plist */,
			);
			path = YamotoTests;
			sourceTree = "<group>";
		};
		EC9EC74B253E739A0042A5CF /* YamotoUITests */ = {
			isa = PBXGroup;
			children = (
				EC9EC74C253E739A0042A5CF /* YamotoUITests.swift */,
				EC9EC74E253E739A0042A5CF /* Info.plist */,
			);
			path = YamotoUITests;
			sourceTree = "<group>";
		};
		ECB4255C2547F3F40024A61B /* View */ = {
			isa = PBXGroup;
			children = (
				ECB425622548035B0024A61B /* YMTCollectionView.swift */,
				EC77390A2542BAFF0034EC30 /* YMTTableViewCell.swift */,
				EC77391E2542C7D20034EC30 /* YMTCollectionCell.swift */,
				EC42465F255384B9008A5050 /* YMTCollectionReusableView.swift */,
				EC4C240925469C1900F31CAC /* YMTNavBarButton.swift */,
			);
			path = View;
			sourceTree = "<group>";
		};
		ECB4255D2547F3F40024A61B /* Controller */ = {
			isa = PBXGroup;
			children = (
				EC4C24042546538600F31CAC /* YMTHomePageController.swift */,
				EC565481254FDF1A00D72296 /* YMTProductDetalisController.swift */,
				EC7738EF25427BB80034EC30 /* YMTTaobaoList.swift */,
			);
			path = Controller;
			sourceTree = "<group>";
		};
		ECB4255E2547F3F40024A61B /* ViewModel */ = {
			isa = PBXGroup;
			children = (
				EC7739062542BA9D0034EC30 /* YMTHomePageViewModel.swift */,
				EC565485254FEAC900D72296 /* YMTProductDetailsViewModel.swift */,
				EC46C7B0254A50F700CF7DEC /* YMTTaoBaoViewModel.swift */,
				EC3ED513255E32AE00DD08C5 /* TabBaoViewModel.swift */,
			);
			path = ViewModel;
			sourceTree = "<group>";
		};
		ECB4255F2547F3F40024A61B /* Model */ = {
			isa = PBXGroup;
			children = (
				EC7739082542BAB20034EC30 /* YMTHomePageModel.swift */,
				EC4447DE255B6ACB0033138F /* YMTTaoBaoModel.swift */,
				EC4C241D2546BDB700F31CAC /* HomePageApi.swift */,
				EC45F2852554FBA700C91997 /* LXFNetworkTool.swift */,
				EC45F2832554F25600C91997 /* LXFModel.swift */,
			);
			path = Model;
			sourceTree = "<group>";
		};
		ECE96DB025523CDC008B56A7 /* Extensions */ = {
			isa = PBXGroup;
			children = (
				ECE96DB125523CF9008B56A7 /* YMTExtensions.swift */,
			);
			path = Extensions;
			sourceTree = "<group>";
		};
		ECE96DB325525159008B56A7 /* GuidePageView */ = {
			isa = PBXGroup;
			children = (
				ECE96DB425525159008B56A7 /* PageControl.swift */,
				ECE96DB525525159008B56A7 /* GuidePageView.swift */,
			);
			path = GuidePageView;
			sourceTree = "<group>";
		};
		ECE96DC22552558F008B56A7 /* Images */ = {
			isa = PBXGroup;
			children = (
				EC4C24112546B54900F31CAC /* pageControlCurrentDot@2x.png */,
				EC4C24122546B54900F31CAC /* pageControlCurrentDot@3x.png */,
				EC4C24132546B54900F31CAC /* pageControlDot@3x.png */,
				EC4C24142546B54900F31CAC /* pageControlDot@2x.png */,
				EC4C24152546B54900F31CAC /* image1.png */,
				EC4C24162546B54900F31CAC /* image2.png */,
				ECE96DC32552558F008B56A7 /* guideImage1.jpg */,
				ECE96DC42552558F008B56A7 /* adImage3.gif */,
				ECE96DC52552558F008B56A7 /* guideImage2.jpg */,
				ECE96DC62552558F008B56A7 /* guideImage3.jpg */,
				ECE96DC72552558F008B56A7 /* adImage4.gif */,
				ECE96DC82552558F008B56A7 /* guideImage4.jpg */,
				ECE96DC92552558F008B56A7 /* guideImage5.jpg */,
				ECE96DCA2552558F008B56A7 /* guideImage8.gif */,
				ECE96DCB2552558F008B56A7 /* start_btn_bg.png */,
				ECE96DCC2552558F008B56A7 /* guideMovie1.mov */,
				ECE96DCD2552558F008B56A7 /* view_bg_image.png */,
				ECE96DCE2552558F008B56A7 /* guideImage7.gif */,
				ECE96DCF2552558F008B56A7 /* guideImage6.gif */,
				ECE96DD02552558F008B56A7 /* shopping.gif */,
			);
			path = Images;
			sourceTree = "<group>";
		};
		ECE96E0B255272F0008B56A7 /* Global */ = {
			isa = PBXGroup;
			children = (
				ECE96E0C255272F0008B56A7 /* Localizable.strings */,
				ECE96E0E255272F0008B56A7 /* InfoPlist.strings */,
			);
			path = Global;
			sourceTree = "<group>";
		};
		ECE96E1625527A96008B56A7 /* CoreData */ = {
			isa = PBXGroup;
			children = (
				ECE96E1725527A96008B56A7 /* CoreDataManager.swift */,
				ECE96E1925527B59008B56A7 /* YamotoData.xcdatamodeld */,
			);
			path = CoreData;
			sourceTree = "<group>";
		};
		ECE96E1E2552899E008B56A7 /* PreferenceManager */ = {
			isa = PBXGroup;
			children = (
				ECE96E1F255289B1008B56A7 /* PreferenceManager.swift */,
				ECE96E21255289D2008B56A7 /* UserInfo.swift */,
			);
			path = PreferenceManager;
			sourceTree = "<group>";
		};
		ECE96E232552A46D008B56A7 /* Common */ = {
			isa = PBXGroup;
			children = (
				EC7738E12542791A0034EC30 /* Base */,
				EC4C23FC254652F100F31CAC /* Utility */,
				EC4C24102546B54900F31CAC /* ResourceFile */,
			);
			path = Common;
			sourceTree = "<group>";
		};
/* End PBXGroup section */

/* Begin PBXNativeTarget section */
		EC9EC726253E73990042A5CF /* Yamoto */ = {
			isa = PBXNativeTarget;
			buildConfigurationList = EC9EC751253E739A0042A5CF /* Build configuration list for PBXNativeTarget "Yamoto" */;
			buildPhases = (
				EC9EC723253E73990042A5CF /* Sources */,
				EC9EC724253E73990042A5CF /* Frameworks */,
				EC9EC725253E73990042A5CF /* Resources */,
			);
			buildRules = (
			);
			dependencies = (
			);
			name = Yamoto;
			packageProductDependencies = (
				EC9EC75B253E8A190042A5CF /* Differentiator */,
				EC9EC75D253E8A190042A5CF /* RxDataSources */,
				EC9EC760253E92980042A5CF /* Moya */,
				EC9EC762253E92980042A5CF /* ReactiveMoya */,
				EC9EC764253E92980042A5CF /* RxMoya */,
				EC69D75B254171790025917F /* ObjectMapper */,
				EC69D75E2541769C0025917F /* SnapKit */,
				EC69D761254181570025917F /* SkeletonView */,
				EC46C7B4254A6FEA00CF7DEC /* ESPullToRefresh */,
				EC3F51D025591CF700448CA9 /* Kingfisher */,
			);
			productName = Yamoto;
			productReference = EC9EC727253E73990042A5CF /* Yamoto.app */;
			productType = "com.apple.product-type.application";
		};
		EC9EC73C253E739A0042A5CF /* YamotoTests */ = {
			isa = PBXNativeTarget;
			buildConfigurationList = EC9EC754253E739A0042A5CF /* Build configuration list for PBXNativeTarget "YamotoTests" */;
			buildPhases = (
				EC9EC739253E739A0042A5CF /* Sources */,
				EC9EC73A253E739A0042A5CF /* Frameworks */,
				EC9EC73B253E739A0042A5CF /* Resources */,
			);
			buildRules = (
			);
			dependencies = (
				EC9EC73F253E739A0042A5CF /* PBXTargetDependency */,
			);
			name = YamotoTests;
			productName = YamotoTests;
			productReference = EC9EC73D253E739A0042A5CF /* YamotoTests.xctest */;
			productType = "com.apple.product-type.bundle.unit-test";
		};
		EC9EC747253E739A0042A5CF /* YamotoUITests */ = {
			isa = PBXNativeTarget;
			buildConfigurationList = EC9EC757253E739A0042A5CF /* Build configuration list for PBXNativeTarget "YamotoUITests" */;
			buildPhases = (
				EC9EC744253E739A0042A5CF /* Sources */,
				EC9EC745253E739A0042A5CF /* Frameworks */,
				EC9EC746253E739A0042A5CF /* Resources */,
			);
			buildRules = (
			);
			dependencies = (
				EC9EC74A253E739A0042A5CF /* PBXTargetDependency */,
			);
			name = YamotoUITests;
			productName = YamotoUITests;
			productReference = EC9EC748253E739A0042A5CF /* YamotoUITests.xctest */;
			productType = "com.apple.product-type.bundle.ui-testing";
		};
/* End PBXNativeTarget section */

/* Begin PBXProject section */
		EC9EC71F253E73990042A5CF /* Project object */ = {
			isa = PBXProject;
			attributes = {
				LastSwiftUpdateCheck = 1170;
				LastUpgradeCheck = 1170;
				ORGANIZATIONNAME = pactera;
				TargetAttributes = {
					EC9EC726253E73990042A5CF = {
						CreatedOnToolsVersion = 11.7;
					};
					EC9EC73C253E739A0042A5CF = {
						CreatedOnToolsVersion = 11.7;
						TestTargetID = EC9EC726253E73990042A5CF;
					};
					EC9EC747253E739A0042A5CF = {
						CreatedOnToolsVersion = 11.7;
						TestTargetID = EC9EC726253E73990042A5CF;
					};
				};
			};
			buildConfigurationList = EC9EC722253E73990042A5CF /* Build configuration list for PBXProject "Yamoto" */;
			compatibilityVersion = "Xcode 9.3";
			developmentRegion = en;
			hasScannedForEncodings = 0;
			knownRegions = (
				en,
				Base,
				ja,
				"zh-Hans",
			);
			mainGroup = EC9EC71E253E73990042A5CF;
			packageReferences = (
				EC9EC75A253E8A190042A5CF /* XCRemoteSwiftPackageReference "RxDataSources" */,
				EC9EC75F253E92980042A5CF /* XCRemoteSwiftPackageReference "Moya" */,
				EC69D75A254171790025917F /* XCRemoteSwiftPackageReference "ObjectMapper" */,
				EC69D75D2541769C0025917F /* XCRemoteSwiftPackageReference "SnapKit" */,
				EC69D760254181570025917F /* XCRemoteSwiftPackageReference "SkeletonView" */,
				EC46C7B3254A6FEA00CF7DEC /* XCRemoteSwiftPackageReference "pull-to-refresh" */,
				EC3F51CF25591CF700448CA9 /* XCRemoteSwiftPackageReference "Kingfisher" */,
			);
			productRefGroup = EC9EC728253E73990042A5CF /* Products */;
			projectDirPath = "";
			projectRoot = "";
			targets = (
				EC9EC726253E73990042A5CF /* Yamoto */,
				EC9EC73C253E739A0042A5CF /* YamotoTests */,
				EC9EC747253E739A0042A5CF /* YamotoUITests */,
			);
		};
/* End PBXProject section */

/* Begin PBXResourcesBuildPhase section */
		EC9EC725253E73990042A5CF /* Resources */ = {
			isa = PBXResourcesBuildPhase;
			buildActionMask = 2147483647;
			files = (
				EC9EC737253E739A0042A5CF /* LaunchScreen.storyboard in Resources */,
				ECE96E15255272F0008B56A7 /* InfoPlist.strings in Resources */,
				ECE96DDC2552558F008B56A7 /* guideImage7.gif in Resources */,
				ECE96DD72552558F008B56A7 /* guideImage5.jpg in Resources */,
				ECE96DD32552558F008B56A7 /* guideImage2.jpg in Resources */,
				ECE96E14255272F0008B56A7 /* Localizable.strings in Resources */,
				ECE96DD52552558F008B56A7 /* adImage4.gif in Resources */,
				ECE96DD82552558F008B56A7 /* guideImage8.gif in Resources */,
				EC4C24182546B54900F31CAC /* pageControlCurrentDot@3x.png in Resources */,
				ECE96DD22552558F008B56A7 /* adImage3.gif in Resources */,
				EC4C24172546B54900F31CAC /* pageControlCurrentDot@2x.png in Resources */,
				ECE96DD42552558F008B56A7 /* guideImage3.jpg in Resources */,
				EC4C241C2546B54900F31CAC /* image2.png in Resources */,
				ECE96DDB2552558F008B56A7 /* view_bg_image.png in Resources */,
				ECE96DDE2552558F008B56A7 /* shopping.gif in Resources */,
				EC9EC734253E739A0042A5CF /* Assets.xcassets in Resources */,
				ECE96DD92552558F008B56A7 /* start_btn_bg.png in Resources */,
				EC4C241A2546B54900F31CAC /* pageControlDot@2x.png in Resources */,
				EC4C241B2546B54900F31CAC /* image1.png in Resources */,
				EC4C24192546B54900F31CAC /* pageControlDot@3x.png in Resources */,
				ECE96DDA2552558F008B56A7 /* guideMovie1.mov in Resources */,
				ECE96DDD2552558F008B56A7 /* guideImage6.gif in Resources */,
				ECE96DD12552558F008B56A7 /* guideImage1.jpg in Resources */,
				EC46C7C5254A916F00CF7DEC /* YMTOrderTableViewCell.xib in Resources */,
				ECE96DD62552558F008B56A7 /* guideImage4.jpg in Resources */,
				ECB4256525480B790024A61B /* Login.storyboard in Resources */,
			);
			runOnlyForDeploymentPostprocessing = 0;
		};
		EC9EC73B253E739A0042A5CF /* Resources */ = {
			isa = PBXResourcesBuildPhase;
			buildActionMask = 2147483647;
			files = (
			);
			runOnlyForDeploymentPostprocessing = 0;
		};
		EC9EC746253E739A0042A5CF /* Resources */ = {
			isa = PBXResourcesBuildPhase;
			buildActionMask = 2147483647;
			files = (
			);
			runOnlyForDeploymentPostprocessing = 0;
		};
/* End PBXResourcesBuildPhase section */

/* Begin PBXSourcesBuildPhase section */
		EC9EC723253E73990042A5CF /* Sources */ = {
			isa = PBXSourcesBuildPhase;
			buildActionMask = 2147483647;
			files = (
				EC9EC76E253EC4060042A5CF /* Wireframe.swift in Sources */,
				EC7738F225427BCB0034EC30 /* YMTOrderViewController.swift in Sources */,
				ECE96DB825525159008B56A7 /* GuidePageView.swift in Sources */,
				EC4C24372546CE7500F31CAC /* ObservableType+ObjectMapper.swift in Sources */,
				EC45F2842554F25600C91997 /* LXFModel.swift in Sources */,
				EC7738E7254279CC0034EC30 /* YMTBaseViewController.swift in Sources */,
				EC4246662553A491008A5050 /* YMTBaseTableView.swift in Sources */,
				EC7738EB25427AB00034EC30 /* YMTHomePageTabBarController.swift in Sources */,
				ECE96E1825527A96008B56A7 /* CoreDataManager.swift in Sources */,
				ECB425632548035B0024A61B /* YMTCollectionView.swift in Sources */,
				EC4C24062546538600F31CAC /* YMTHomePageController.swift in Sources */,
				EC4C2403254652FE00F31CAC /* GifImageOperation.swift in Sources */,
				EC9EC72B253E73990042A5CF /* AppDelegate.swift in Sources */,
				EC3ED514255E32AE00DD08C5 /* TabBaoViewModel.swift in Sources */,
				EC9EC772253ECBC80042A5CF /* GitHubDefaultValidationService.swift in Sources */,
				EC77391F2542C7D20034EC30 /* YMTCollectionCell.swift in Sources */,
				EC77390B2542BAFF0034EC30 /* YMTTableViewCell.swift in Sources */,
				EC4447DF255B6ACB0033138F /* YMTTaoBaoModel.swift in Sources */,
				EC4C241E2546BDB800F31CAC /* HomePageApi.swift in Sources */,
				EC7739092542BAB20034EC30 /* YMTHomePageModel.swift in Sources */,
				ECE96E1B25527B59008B56A7 /* YamotoData.xcdatamodeld in Sources */,
				EC4C240F2546B14B00F31CAC /* LTAutoScrollView.swift in Sources */,
				EC9EC770253EC6410042A5CF /* ActivityIndicator.swift in Sources */,
				EC46C7B1254A50F700CF7DEC /* YMTTaoBaoViewModel.swift in Sources */,
				EC7738E3254279780034EC30 /* YMTBaseTabBarController.swift in Sources */,
				EC424660255384B9008A5050 /* YMTCollectionReusableView.swift in Sources */,
				EC7738E5254279980034EC30 /* YMTBaseNavigationViewController.swift in Sources */,
				EC7738F725427C4B0034EC30 /* YMTPersonalViewController.swift in Sources */,
				EC4C24392546CE7500F31CAC /* Response+ObjectMapper.swift in Sources */,
				EC46C7C4254A916F00CF7DEC /* YMTOrderTableViewCell.swift in Sources */,
				ECE96E22255289D2008B56A7 /* UserInfo.swift in Sources */,
				EC4C24382546CE7500F31CAC /* Single+ObjectMapper.swift in Sources */,
				ECE96E20255289B1008B56A7 /* PreferenceManager.swift in Sources */,
				EC42466425539C4D008A5050 /* YMTBaseColletionCell.swift in Sources */,
				EC4C2401254652FE00F31CAC /* AdvertisementView.swift in Sources */,
				EC7739072542BA9D0034EC30 /* YMTHomePageViewModel.swift in Sources */,
				ECE96DB725525159008B56A7 /* PageControl.swift in Sources */,
				EC7738F9254282220034EC30 /* YMTHomeNavigaitonController.swift in Sources */,
				EC565482254FDF1A00D72296 /* YMTProductDetalisController.swift in Sources */,
				EC77391D2542C0E90034EC30 /* YMTGlobalLet.swift in Sources */,
				EC9EC76C253EC2C30042A5CF /* GitHubAPI.swift in Sources */,
				EC565486254FEAC900D72296 /* YMTProductDetailsViewModel.swift in Sources */,
				ECE96DB225523CF9008B56A7 /* YMTExtensions.swift in Sources */,
				EC4C24362546CE7500F31CAC /* SignalProducer+ObjectMapper.swift in Sources */,
				EC4C2402254652FE00F31CAC /* String+MD5.swift in Sources */,
				EC4C240A25469C1900F31CAC /* YMTNavBarButton.swift in Sources */,
				EC7738F425427BE20034EC30 /* YMTFreightViewController.swift in Sources */,
				ECB4256725480BB40024A61B /* YMTLoginViewController.swift in Sources */,
				EC45F2862554FBA700C91997 /* LXFNetworkTool.swift in Sources */,
				EC7738F025427BB80034EC30 /* YMTTaobaoList.swift in Sources */,
				EC9EC774253ECE410042A5CF /* BindingExtensions.swift in Sources */,
			);
			runOnlyForDeploymentPostprocessing = 0;
		};
		EC9EC739253E739A0042A5CF /* Sources */ = {
			isa = PBXSourcesBuildPhase;
			buildActionMask = 2147483647;
			files = (
				EC9EC742253E739A0042A5CF /* YamotoTests.swift in Sources */,
			);
			runOnlyForDeploymentPostprocessing = 0;
		};
		EC9EC744253E739A0042A5CF /* Sources */ = {
			isa = PBXSourcesBuildPhase;
			buildActionMask = 2147483647;
			files = (
				EC9EC74D253E739A0042A5CF /* YamotoUITests.swift in Sources */,
			);
			runOnlyForDeploymentPostprocessing = 0;
		};
/* End PBXSourcesBuildPhase section */

/* Begin PBXTargetDependency section */
		EC9EC73F253E739A0042A5CF /* PBXTargetDependency */ = {
			isa = PBXTargetDependency;
			target = EC9EC726253E73990042A5CF /* Yamoto */;
			targetProxy = EC9EC73E253E739A0042A5CF /* PBXContainerItemProxy */;
		};
		EC9EC74A253E739A0042A5CF /* PBXTargetDependency */ = {
			isa = PBXTargetDependency;
			target = EC9EC726253E73990042A5CF /* Yamoto */;
			targetProxy = EC9EC749253E739A0042A5CF /* PBXContainerItemProxy */;
		};
/* End PBXTargetDependency section */

/* Begin PBXVariantGroup section */
		EC9EC735253E739A0042A5CF /* LaunchScreen.storyboard */ = {
			isa = PBXVariantGroup;
			children = (
				EC9EC736253E739A0042A5CF /* Base */,
			);
			name = LaunchScreen.storyboard;
			sourceTree = "<group>";
		};
		ECE96E0C255272F0008B56A7 /* Localizable.strings */ = {
			isa = PBXVariantGroup;
			children = (
				ECE96E0D255272F0008B56A7 /* zh-Hans */,
				ECE96E10255272F0008B56A7 /* ja */,
				ECE96E12255272F0008B56A7 /* en */,
			);
			name = Localizable.strings;
			sourceTree = "<group>";
		};
		ECE96E0E255272F0008B56A7 /* InfoPlist.strings */ = {
			isa = PBXVariantGroup;
			children = (
				ECE96E0F255272F0008B56A7 /* zh-Hans */,
				ECE96E11255272F0008B56A7 /* ja */,
				ECE96E13255272F0008B56A7 /* en */,
			);
			name = InfoPlist.strings;
			sourceTree = "<group>";
		};
/* End PBXVariantGroup section */

/* Begin XCBuildConfiguration section */
		EC9EC74F253E739A0042A5CF /* Debug */ = {
			isa = XCBuildConfiguration;
			buildSettings = {
				ALWAYS_SEARCH_USER_PATHS = NO;
				CLANG_ANALYZER_LOCALIZABILITY_NONLOCALIZED = YES;
				CLANG_ANALYZER_NONNULL = YES;
				CLANG_ANALYZER_NUMBER_OBJECT_CONVERSION = YES_AGGRESSIVE;
				CLANG_CXX_LANGUAGE_STANDARD = "gnu++14";
				CLANG_CXX_LIBRARY = "libc++";
				CLANG_ENABLE_MODULES = YES;
				CLANG_ENABLE_OBJC_ARC = YES;
				CLANG_ENABLE_OBJC_WEAK = YES;
				CLANG_WARN_BLOCK_CAPTURE_AUTORELEASING = YES;
				CLANG_WARN_BOOL_CONVERSION = YES;
				CLANG_WARN_COMMA = YES;
				CLANG_WARN_CONSTANT_CONVERSION = YES;
				CLANG_WARN_DEPRECATED_OBJC_IMPLEMENTATIONS = YES;
				CLANG_WARN_DIRECT_OBJC_ISA_USAGE = YES_ERROR;
				CLANG_WARN_DOCUMENTATION_COMMENTS = YES;
				CLANG_WARN_EMPTY_BODY = YES;
				CLANG_WARN_ENUM_CONVERSION = YES;
				CLANG_WARN_INFINITE_RECURSION = YES;
				CLANG_WARN_INT_CONVERSION = YES;
				CLANG_WARN_NON_LITERAL_NULL_CONVERSION = YES;
				CLANG_WARN_OBJC_IMPLICIT_RETAIN_SELF = YES;
				CLANG_WARN_OBJC_LITERAL_CONVERSION = YES;
				CLANG_WARN_OBJC_ROOT_CLASS = YES_ERROR;
				CLANG_WARN_RANGE_LOOP_ANALYSIS = YES;
				CLANG_WARN_STRICT_PROTOTYPES = YES;
				CLANG_WARN_SUSPICIOUS_MOVE = YES;
				CLANG_WARN_UNGUARDED_AVAILABILITY = YES_AGGRESSIVE;
				CLANG_WARN_UNREACHABLE_CODE = YES;
				CLANG_WARN__DUPLICATE_METHOD_MATCH = YES;
				COPY_PHASE_STRIP = NO;
				DEBUG_INFORMATION_FORMAT = dwarf;
				ENABLE_STRICT_OBJC_MSGSEND = YES;
				ENABLE_TESTABILITY = YES;
				GCC_C_LANGUAGE_STANDARD = gnu11;
				GCC_DYNAMIC_NO_PIC = NO;
				GCC_NO_COMMON_BLOCKS = YES;
				GCC_OPTIMIZATION_LEVEL = 0;
				GCC_PREPROCESSOR_DEFINITIONS = (
					"DEBUG=1",
					"$(inherited)",
				);
				GCC_WARN_64_TO_32_BIT_CONVERSION = YES;
				GCC_WARN_ABOUT_RETURN_TYPE = YES_ERROR;
				GCC_WARN_UNDECLARED_SELECTOR = YES;
				GCC_WARN_UNINITIALIZED_AUTOS = YES_AGGRESSIVE;
				GCC_WARN_UNUSED_FUNCTION = YES;
				GCC_WARN_UNUSED_VARIABLE = YES;
				IPHONEOS_DEPLOYMENT_TARGET = 13.0;
				MTL_ENABLE_DEBUG_INFO = INCLUDE_SOURCE;
				MTL_FAST_MATH = YES;
				ONLY_ACTIVE_ARCH = YES;
				SDKROOT = iphoneos;
				SWIFT_ACTIVE_COMPILATION_CONDITIONS = DEBUG;
				SWIFT_OPTIMIZATION_LEVEL = "-Onone";
			};
			name = Debug;
		};
		EC9EC750253E739A0042A5CF /* Release */ = {
			isa = XCBuildConfiguration;
			buildSettings = {
				ALWAYS_SEARCH_USER_PATHS = NO;
				CLANG_ANALYZER_LOCALIZABILITY_NONLOCALIZED = YES;
				CLANG_ANALYZER_NONNULL = YES;
				CLANG_ANALYZER_NUMBER_OBJECT_CONVERSION = YES_AGGRESSIVE;
				CLANG_CXX_LANGUAGE_STANDARD = "gnu++14";
				CLANG_CXX_LIBRARY = "libc++";
				CLANG_ENABLE_MODULES = YES;
				CLANG_ENABLE_OBJC_ARC = YES;
				CLANG_ENABLE_OBJC_WEAK = YES;
				CLANG_WARN_BLOCK_CAPTURE_AUTORELEASING = YES;
				CLANG_WARN_BOOL_CONVERSION = YES;
				CLANG_WARN_COMMA = YES;
				CLANG_WARN_CONSTANT_CONVERSION = YES;
				CLANG_WARN_DEPRECATED_OBJC_IMPLEMENTATIONS = YES;
				CLANG_WARN_DIRECT_OBJC_ISA_USAGE = YES_ERROR;
				CLANG_WARN_DOCUMENTATION_COMMENTS = YES;
				CLANG_WARN_EMPTY_BODY = YES;
				CLANG_WARN_ENUM_CONVERSION = YES;
				CLANG_WARN_INFINITE_RECURSION = YES;
				CLANG_WARN_INT_CONVERSION = YES;
				CLANG_WARN_NON_LITERAL_NULL_CONVERSION = YES;
				CLANG_WARN_OBJC_IMPLICIT_RETAIN_SELF = YES;
				CLANG_WARN_OBJC_LITERAL_CONVERSION = YES;
				CLANG_WARN_OBJC_ROOT_CLASS = YES_ERROR;
				CLANG_WARN_RANGE_LOOP_ANALYSIS = YES;
				CLANG_WARN_STRICT_PROTOTYPES = YES;
				CLANG_WARN_SUSPICIOUS_MOVE = YES;
				CLANG_WARN_UNGUARDED_AVAILABILITY = YES_AGGRESSIVE;
				CLANG_WARN_UNREACHABLE_CODE = YES;
				CLANG_WARN__DUPLICATE_METHOD_MATCH = YES;
				COPY_PHASE_STRIP = NO;
				DEBUG_INFORMATION_FORMAT = "dwarf-with-dsym";
				ENABLE_NS_ASSERTIONS = NO;
				ENABLE_STRICT_OBJC_MSGSEND = YES;
				GCC_C_LANGUAGE_STANDARD = gnu11;
				GCC_NO_COMMON_BLOCKS = YES;
				GCC_WARN_64_TO_32_BIT_CONVERSION = YES;
				GCC_WARN_ABOUT_RETURN_TYPE = YES_ERROR;
				GCC_WARN_UNDECLARED_SELECTOR = YES;
				GCC_WARN_UNINITIALIZED_AUTOS = YES_AGGRESSIVE;
				GCC_WARN_UNUSED_FUNCTION = YES;
				GCC_WARN_UNUSED_VARIABLE = YES;
				IPHONEOS_DEPLOYMENT_TARGET = 13.0;
				MTL_ENABLE_DEBUG_INFO = NO;
				MTL_FAST_MATH = YES;
				SDKROOT = iphoneos;
				SWIFT_COMPILATION_MODE = wholemodule;
				SWIFT_OPTIMIZATION_LEVEL = "-O";
				VALIDATE_PRODUCT = YES;
			};
			name = Release;
		};
		EC9EC752253E739A0042A5CF /* Debug */ = {
			isa = XCBuildConfiguration;
			buildSettings = {
				ASSETCATALOG_COMPILER_APPICON_NAME = AppIcon;
				CODE_SIGN_IDENTITY = "Apple Development";
				CODE_SIGN_STYLE = Automatic;
				CURRENT_PROJECT_VERSION = 3;
				DEVELOPMENT_TEAM = 867SNZAEJE;
				INFOPLIST_FILE = Yamoto/Info.plist;
				IPHONEOS_DEPLOYMENT_TARGET = 13.0;
				LD_RUNPATH_SEARCH_PATHS = (
					"$(inherited)",
					"@executable_path/Frameworks",
				);
				MARKETING_VERSION = 1.0.1;
				PRODUCT_BUNDLE_IDENTIFIER = test.pactera;
				PRODUCT_NAME = "$(TARGET_NAME)";
				PROVISIONING_PROFILE_SPECIFIER = "";
				SWIFT_VERSION = 5.0;
				TARGETED_DEVICE_FAMILY = "1,2";
				VERSIONING_SYSTEM = "apple-generic";
			};
			name = Debug;
		};
		EC9EC753253E739A0042A5CF /* Release */ = {
			isa = XCBuildConfiguration;
			buildSettings = {
				ASSETCATALOG_COMPILER_APPICON_NAME = AppIcon;
				CODE_SIGN_IDENTITY = "Apple Development";
				CODE_SIGN_STYLE = Automatic;
				CURRENT_PROJECT_VERSION = 3;
				DEVELOPMENT_TEAM = 867SNZAEJE;
				INFOPLIST_FILE = Yamoto/Info.plist;
				IPHONEOS_DEPLOYMENT_TARGET = 13.0;
				LD_RUNPATH_SEARCH_PATHS = (
					"$(inherited)",
					"@executable_path/Frameworks",
				);
				MARKETING_VERSION = 1.0.1;
				PRODUCT_BUNDLE_IDENTIFIER = test.pactera;
				PRODUCT_NAME = "$(TARGET_NAME)";
				PROVISIONING_PROFILE_SPECIFIER = "";
				SWIFT_VERSION = 5.0;
				TARGETED_DEVICE_FAMILY = "1,2";
				VERSIONING_SYSTEM = "apple-generic";
			};
			name = Release;
		};
		EC9EC755253E739A0042A5CF /* Debug */ = {
			isa = XCBuildConfiguration;
			buildSettings = {
				ALWAYS_EMBED_SWIFT_STANDARD_LIBRARIES = YES;
				BUNDLE_LOADER = "$(TEST_HOST)";
				CODE_SIGN_STYLE = Automatic;
				INFOPLIST_FILE = YamotoTests/Info.plist;
				IPHONEOS_DEPLOYMENT_TARGET = 13.7;
				LD_RUNPATH_SEARCH_PATHS = (
					"$(inherited)",
					"@executable_path/Frameworks",
					"@loader_path/Frameworks",
				);
				PRODUCT_BUNDLE_IDENTIFIER = pactera.YamotoTests;
				PRODUCT_NAME = "$(TARGET_NAME)";
				SWIFT_VERSION = 5.0;
				TARGETED_DEVICE_FAMILY = "1,2";
				TEST_HOST = "$(BUILT_PRODUCTS_DIR)/Yamoto.app/Yamoto";
			};
			name = Debug;
		};
		EC9EC756253E739A0042A5CF /* Release */ = {
			isa = XCBuildConfiguration;
			buildSettings = {
				ALWAYS_EMBED_SWIFT_STANDARD_LIBRARIES = YES;
				BUNDLE_LOADER = "$(TEST_HOST)";
				CODE_SIGN_STYLE = Automatic;
				INFOPLIST_FILE = YamotoTests/Info.plist;
				IPHONEOS_DEPLOYMENT_TARGET = 13.7;
				LD_RUNPATH_SEARCH_PATHS = (
					"$(inherited)",
					"@executable_path/Frameworks",
					"@loader_path/Frameworks",
				);
				PRODUCT_BUNDLE_IDENTIFIER = pactera.YamotoTests;
				PRODUCT_NAME = "$(TARGET_NAME)";
				SWIFT_VERSION = 5.0;
				TARGETED_DEVICE_FAMILY = "1,2";
				TEST_HOST = "$(BUILT_PRODUCTS_DIR)/Yamoto.app/Yamoto";
			};
			name = Release;
		};
		EC9EC758253E739A0042A5CF /* Debug */ = {
			isa = XCBuildConfiguration;
			buildSettings = {
				ALWAYS_EMBED_SWIFT_STANDARD_LIBRARIES = YES;
				CODE_SIGN_STYLE = Automatic;
				INFOPLIST_FILE = YamotoUITests/Info.plist;
				LD_RUNPATH_SEARCH_PATHS = (
					"$(inherited)",
					"@executable_path/Frameworks",
					"@loader_path/Frameworks",
				);
				PRODUCT_BUNDLE_IDENTIFIER = pactera.YamotoUITests;
				PRODUCT_NAME = "$(TARGET_NAME)";
				SWIFT_VERSION = 5.0;
				TARGETED_DEVICE_FAMILY = "1,2";
				TEST_TARGET_NAME = Yamoto;
			};
			name = Debug;
		};
		EC9EC759253E739A0042A5CF /* Release */ = {
			isa = XCBuildConfiguration;
			buildSettings = {
				ALWAYS_EMBED_SWIFT_STANDARD_LIBRARIES = YES;
				CODE_SIGN_STYLE = Automatic;
				INFOPLIST_FILE = YamotoUITests/Info.plist;
				LD_RUNPATH_SEARCH_PATHS = (
					"$(inherited)",
					"@executable_path/Frameworks",
					"@loader_path/Frameworks",
				);
				PRODUCT_BUNDLE_IDENTIFIER = pactera.YamotoUITests;
				PRODUCT_NAME = "$(TARGET_NAME)";
				SWIFT_VERSION = 5.0;
				TARGETED_DEVICE_FAMILY = "1,2";
				TEST_TARGET_NAME = Yamoto;
			};
			name = Release;
		};
/* End XCBuildConfiguration section */

/* Begin XCConfigurationList section */
		EC9EC722253E73990042A5CF /* Build configuration list for PBXProject "Yamoto" */ = {
			isa = XCConfigurationList;
			buildConfigurations = (
				EC9EC74F253E739A0042A5CF /* Debug */,
				EC9EC750253E739A0042A5CF /* Release */,
			);
			defaultConfigurationIsVisible = 0;
			defaultConfigurationName = Release;
		};
		EC9EC751253E739A0042A5CF /* Build configuration list for PBXNativeTarget "Yamoto" */ = {
			isa = XCConfigurationList;
			buildConfigurations = (
				EC9EC752253E739A0042A5CF /* Debug */,
				EC9EC753253E739A0042A5CF /* Release */,
			);
			defaultConfigurationIsVisible = 0;
			defaultConfigurationName = Release;
		};
		EC9EC754253E739A0042A5CF /* Build configuration list for PBXNativeTarget "YamotoTests" */ = {
			isa = XCConfigurationList;
			buildConfigurations = (
				EC9EC755253E739A0042A5CF /* Debug */,
				EC9EC756253E739A0042A5CF /* Release */,
			);
			defaultConfigurationIsVisible = 0;
			defaultConfigurationName = Release;
		};
		EC9EC757253E739A0042A5CF /* Build configuration list for PBXNativeTarget "YamotoUITests" */ = {
			isa = XCConfigurationList;
			buildConfigurations = (
				EC9EC758253E739A0042A5CF /* Debug */,
				EC9EC759253E739A0042A5CF /* Release */,
			);
			defaultConfigurationIsVisible = 0;
			defaultConfigurationName = Release;
		};
/* End XCConfigurationList section */

/* Begin XCRemoteSwiftPackageReference section */
		EC3F51CF25591CF700448CA9 /* XCRemoteSwiftPackageReference "Kingfisher" */ = {
			isa = XCRemoteSwiftPackageReference;
			repositoryURL = "https://github.com/onevcat/Kingfisher.git";
			requirement = {
				kind = upToNextMajorVersion;
				minimumVersion = 5.15.7;
			};
		};
		EC46C7B3254A6FEA00CF7DEC /* XCRemoteSwiftPackageReference "pull-to-refresh" */ = {
			isa = XCRemoteSwiftPackageReference;
			repositoryURL = "https://github.com/eggswift/pull-to-refresh.git";
			requirement = {
				kind = upToNextMajorVersion;
				minimumVersion = 2.9.3;
			};
		};
		EC69D75A254171790025917F /* XCRemoteSwiftPackageReference "ObjectMapper" */ = {
			isa = XCRemoteSwiftPackageReference;
			repositoryURL = "https://github.com/tristanhimmelman/ObjectMapper.git";
			requirement = {
				kind = upToNextMajorVersion;
				minimumVersion = 4.2.0;
			};
		};
		EC69D75D2541769C0025917F /* XCRemoteSwiftPackageReference "SnapKit" */ = {
			isa = XCRemoteSwiftPackageReference;
			repositoryURL = "https://github.com/SnapKit/SnapKit.git";
			requirement = {
				kind = upToNextMajorVersion;
				minimumVersion = 5.0.1;
			};
		};
		EC69D760254181570025917F /* XCRemoteSwiftPackageReference "SkeletonView" */ = {
			isa = XCRemoteSwiftPackageReference;
			repositoryURL = "https://github.com/Juanpe/SkeletonView.git";
			requirement = {
				kind = upToNextMajorVersion;
				minimumVersion = 1.10.0;
			};
		};
		EC9EC75A253E8A190042A5CF /* XCRemoteSwiftPackageReference "RxDataSources" */ = {
			isa = XCRemoteSwiftPackageReference;
			repositoryURL = "https://github.com/RxSwiftCommunity/RxDataSources.git";
			requirement = {
				kind = upToNextMajorVersion;
				minimumVersion = 4.0.1;
			};
		};
		EC9EC75F253E92980042A5CF /* XCRemoteSwiftPackageReference "Moya" */ = {
			isa = XCRemoteSwiftPackageReference;
			repositoryURL = "https://github.com/Moya/Moya.git";
			requirement = {
				kind = upToNextMajorVersion;
				minimumVersion = 14.0.0;
			};
		};
/* End XCRemoteSwiftPackageReference section */

/* Begin XCSwiftPackageProductDependency section */
		EC3F51D025591CF700448CA9 /* Kingfisher */ = {
			isa = XCSwiftPackageProductDependency;
			package = EC3F51CF25591CF700448CA9 /* XCRemoteSwiftPackageReference "Kingfisher" */;
			productName = Kingfisher;
		};
		EC46C7B4254A6FEA00CF7DEC /* ESPullToRefresh */ = {
			isa = XCSwiftPackageProductDependency;
			package = EC46C7B3254A6FEA00CF7DEC /* XCRemoteSwiftPackageReference "pull-to-refresh" */;
			productName = ESPullToRefresh;
		};
		EC69D75B254171790025917F /* ObjectMapper */ = {
			isa = XCSwiftPackageProductDependency;
			package = EC69D75A254171790025917F /* XCRemoteSwiftPackageReference "ObjectMapper" */;
			productName = ObjectMapper;
		};
		EC69D75E2541769C0025917F /* SnapKit */ = {
			isa = XCSwiftPackageProductDependency;
			package = EC69D75D2541769C0025917F /* XCRemoteSwiftPackageReference "SnapKit" */;
			productName = SnapKit;
		};
		EC69D761254181570025917F /* SkeletonView */ = {
			isa = XCSwiftPackageProductDependency;
			package = EC69D760254181570025917F /* XCRemoteSwiftPackageReference "SkeletonView" */;
			productName = SkeletonView;
		};
		EC9EC75B253E8A190042A5CF /* Differentiator */ = {
			isa = XCSwiftPackageProductDependency;
			package = EC9EC75A253E8A190042A5CF /* XCRemoteSwiftPackageReference "RxDataSources" */;
			productName = Differentiator;
		};
		EC9EC75D253E8A190042A5CF /* RxDataSources */ = {
			isa = XCSwiftPackageProductDependency;
			package = EC9EC75A253E8A190042A5CF /* XCRemoteSwiftPackageReference "RxDataSources" */;
			productName = RxDataSources;
		};
		EC9EC760253E92980042A5CF /* Moya */ = {
			isa = XCSwiftPackageProductDependency;
			package = EC9EC75F253E92980042A5CF /* XCRemoteSwiftPackageReference "Moya" */;
			productName = Moya;
		};
		EC9EC762253E92980042A5CF /* ReactiveMoya */ = {
			isa = XCSwiftPackageProductDependency;
			package = EC9EC75F253E92980042A5CF /* XCRemoteSwiftPackageReference "Moya" */;
			productName = ReactiveMoya;
		};
		EC9EC764253E92980042A5CF /* RxMoya */ = {
			isa = XCSwiftPackageProductDependency;
			package = EC9EC75F253E92980042A5CF /* XCRemoteSwiftPackageReference "Moya" */;
			productName = RxMoya;
		};
/* End XCSwiftPackageProductDependency section */

/* Begin XCVersionGroup section */
		ECE96E1925527B59008B56A7 /* YamotoData.xcdatamodeld */ = {
			isa = XCVersionGroup;
			children = (
				ECE96E1A25527B59008B56A7 /* YamotoData.xcdatamodel */,
			);
			currentVersion = ECE96E1A25527B59008B56A7 /* YamotoData.xcdatamodel */;
			path = YamotoData.xcdatamodeld;
			sourceTree = "<group>";
			versionGroupType = wrapper.xcdatamodel;
		};
/* End XCVersionGroup section */
	};
	rootObject = EC9EC71F253E73990042A5CF /* Project object */;
}
